{
  "object": {
    "pins": [
      {
        "package": "SchafKit",
        "repositoryURL": "https://github.com/Quintschaf/SchafKit.git",
        "state": {
          "branch": null,
          "revision": "543b2d8dba7069c638e526d71b0701a730c09994",
          "version": "1.3.0"
        }
      }
    ]
  },
  "version": 1
}
